// !$*UTF8*$!
{
	archiveVersion = 1;
	classes = {
	};
	objectVersion = 56;
	objects = {

/* Begin PBXBuildFile section */
		5A0F63C82C5739E500B023DB /* Movie.swift in Sources */ = {isa = PBXBuildFile; fileRef = 5A0F63C72C5739E500B023DB /* Movie.swift */; };
		5A0F63CA2C573A1400B023DB /* MovieDBService.swift in Sources */ = {isa = PBXBuildFile; fileRef = 5A0F63C92C573A1400B023DB /* MovieDBService.swift */; };
		5A0F63CC2C573B1A00B023DB /* MovieDetailView.swift in Sources */ = {isa = PBXBuildFile; fileRef = 5A0F63CB2C573B1A00B023DB /* MovieDetailView.swift */; };
		5A0F63CE2C573B9E00B023DB /* MovieDBError.swift in Sources */ = {isa = PBXBuildFile; fileRef = 5A0F63CD2C573B9E00B023DB /* MovieDBError.swift */; };
		5AE3A6C02C4F598400C9BFE8 /* cumberbatchApp.swift in Sources */ = {isa = PBXBuildFile; fileRef = 5AE3A6BF2C4F598400C9BFE8 /* cumberbatchApp.swift */; };
		5AE3A6C22C4F598400C9BFE8 /* ContentView.swift in Sources */ = {isa = PBXBuildFile; fileRef = 5AE3A6C12C4F598400C9BFE8 /* ContentView.swift */; };
		5AE3A6C42C4F598600C9BFE8 /* Assets.xcassets in Resources */ = {isa = PBXBuildFile; fileRef = 5AE3A6C32C4F598600C9BFE8 /* Assets.xcassets */; };
		5AE3A6C72C4F598600C9BFE8 /* Preview Assets.xcassets in Resources */ = {isa = PBXBuildFile; fileRef = 5AE3A6C62C4F598600C9BFE8 /* Preview Assets.xcassets */; };
		5AE3A6D12C4F598600C9BFE8 /* cumberbatchTests.swift in Sources */ = {isa = PBXBuildFile; fileRef = 5AE3A6D02C4F598600C9BFE8 /* cumberbatchTests.swift */; };
		5AE3A6DB2C4F598600C9BFE8 /* cumberbatchUITests.swift in Sources */ = {isa = PBXBuildFile; fileRef = 5AE3A6DA2C4F598600C9BFE8 /* cumberbatchUITests.swift */; };
		5AE3A6DD2C4F598600C9BFE8 /* cumberbatchUITestsLaunchTests.swift in Sources */ = {isa = PBXBuildFile; fileRef = 5AE3A6DC2C4F598600C9BFE8 /* cumberbatchUITestsLaunchTests.swift */; };
/* End PBXBuildFile section */

/* Begin PBXContainerItemProxy section */
		5AE3A6CD2C4F598600C9BFE8 /* PBXContainerItemProxy */ = {
			isa = PBXContainerItemProxy;
			containerPortal = 5AE3A6B42C4F598400C9BFE8 /* Project object */;
			proxyType = 1;
			remoteGlobalIDString = 5AE3A6BB2C4F598400C9BFE8;
			remoteInfo = cumberbatch;
		};
		5AE3A6D72C4F598600C9BFE8 /* PBXContainerItemProxy */ = {
			isa = PBXContainerItemProxy;
			containerPortal = 5AE3A6B42C4F598400C9BFE8 /* Project object */;
			proxyType = 1;
			remoteGlobalIDString = 5AE3A6BB2C4F598400C9BFE8;
			remoteInfo = cumberbatch;
		};
/* End PBXContainerItemProxy section */

/* Begin PBXFileReference section */
		5A0F63C72C5739E500B023DB /* Movie.swift */ = {isa = PBXFileReference; lastKnownFileType = sourcecode.swift; path = Movie.swift; sourceTree = "<group>"; };
		5A0F63C92C573A1400B023DB /* MovieDBService.swift */ = {isa = PBXFileReference; lastKnownFileType = sourcecode.swift; path = MovieDBService.swift; sourceTree = "<group>"; };
		5A0F63CB2C573B1A00B023DB /* MovieDetailView.swift */ = {isa = PBXFileReference; lastKnownFileType = sourcecode.swift; path = MovieDetailView.swift; sourceTree = "<group>"; };
		5A0F63CD2C573B9E00B023DB /* MovieDBError.swift */ = {isa = PBXFileReference; lastKnownFileType = sourcecode.swift; path = MovieDBError.swift; sourceTree = "<group>"; };
		5AE3A6BC2C4F598400C9BFE8 /* cumberbatch.app */ = {isa = PBXFileReference; explicitFileType = wrapper.application; includeInIndex = 0; path = cumberbatch.app; sourceTree = BUILT_PRODUCTS_DIR; };
		5AE3A6BF2C4F598400C9BFE8 /* cumberbatchApp.swift */ = {isa = PBXFileReference; lastKnownFileType = sourcecode.swift; path = cumberbatchApp.swift; sourceTree = "<group>"; };
		5AE3A6C12C4F598400C9BFE8 /* ContentView.swift */ = {isa = PBXFileReference; lastKnownFileType = sourcecode.swift; path = ContentView.swift; sourceTree = "<group>"; };
		5AE3A6C32C4F598600C9BFE8 /* Assets.xcassets */ = {isa = PBXFileReference; lastKnownFileType = folder.assetcatalog; path = Assets.xcassets; sourceTree = "<group>"; };
		5AE3A6C62C4F598600C9BFE8 /* Preview Assets.xcassets */ = {isa = PBXFileReference; lastKnownFileType = folder.assetcatalog; path = "Preview Assets.xcassets"; sourceTree = "<group>"; };
		5AE3A6CC2C4F598600C9BFE8 /* cumberbatchTests.xctest */ = {isa = PBXFileReference; explicitFileType = wrapper.cfbundle; includeInIndex = 0; path = cumberbatchTests.xctest; sourceTree = BUILT_PRODUCTS_DIR; };
		5AE3A6D02C4F598600C9BFE8 /* cumberbatchTests.swift */ = {isa = PBXFileReference; lastKnownFileType = sourcecode.swift; path = cumberbatchTests.swift; sourceTree = "<group>"; };
		5AE3A6D62C4F598600C9BFE8 /* cumberbatchUITests.xctest */ = {isa = PBXFileReference; explicitFileType = wrapper.cfbundle; includeInIndex = 0; path = cumberbatchUITests.xctest; sourceTree = BUILT_PRODUCTS_DIR; };
		5AE3A6DA2C4F598600C9BFE8 /* cumberbatchUITests.swift */ = {isa = PBXFileReference; lastKnownFileType = sourcecode.swift; path = cumberbatchUITests.swift; sourceTree = "<group>"; };
		5AE3A6DC2C4F598600C9BFE8 /* cumberbatchUITestsLaunchTests.swift */ = {isa = PBXFileReference; lastKnownFileType = sourcecode.swift; path = cumberbatchUITestsLaunchTests.swift; sourceTree = "<group>"; };
/* End PBXFileReference section */

/* Begin PBXFrameworksBuildPhase section */
		5AE3A6B92C4F598400C9BFE8 /* Frameworks */ = {
			isa = PBXFrameworksBuildPhase;
			buildActionMask = 2147483647;
			files = (
			);
			runOnlyForDeploymentPostprocessing = 0;
		};
		5AE3A6C92C4F598600C9BFE8 /* Frameworks */ = {
			isa = PBXFrameworksBuildPhase;
			buildActionMask = 2147483647;
			files = (
			);
			runOnlyForDeploymentPostprocessing = 0;
		};
		5AE3A6D32C4F598600C9BFE8 /* Frameworks */ = {
			isa = PBXFrameworksBuildPhase;
			buildActionMask = 2147483647;
			files = (
			);
			runOnlyForDeploymentPostprocessing = 0;
		};
/* End PBXFrameworksBuildPhase section */

/* Begin PBXGroup section */
		5AE3A6B32C4F598400C9BFE8 = {
			isa = PBXGroup;
			children = (
				5AE3A6BE2C4F598400C9BFE8 /* cumberbatch */,
				5AE3A6CF2C4F598600C9BFE8 /* cumberbatchTests */,
				5AE3A6D92C4F598600C9BFE8 /* cumberbatchUITests */,
				5AE3A6BD2C4F598400C9BFE8 /* Products */,
			);
			sourceTree = "<group>";
		};
		5AE3A6BD2C4F598400C9BFE8 /* Products */ = {
			isa = PBXGroup;
			children = (
				5AE3A6BC2C4F598400C9BFE8 /* cumberbatch.app */,
				5AE3A6CC2C4F598600C9BFE8 /* cumberbatchTests.xctest */,
				5AE3A6D62C4F598600C9BFE8 /* cumberbatchUITests.xctest */,
			);
			name = Products;
			sourceTree = "<group>";
		};
		5AE3A6BE2C4F598400C9BFE8 /* cumberbatch */ = {
			isa = PBXGroup;
			children = (
				5AE3A6BF2C4F598400C9BFE8 /* cumberbatchApp.swift */,
				5AE3A6C32C4F598600C9BFE8 /* Assets.xcassets */,
				5AE3A6C52C4F598600C9BFE8 /* Preview Content */,
				5AE3A6C12C4F598400C9BFE8 /* ContentView.swift */,
				5A0F63CB2C573B1A00B023DB /* MovieDetailView.swift */,
				5A0F63C92C573A1400B023DB /* MovieDBService.swift */,
				5A0F63C72C5739E500B023DB /* Movie.swift */,
				5A0F63CD2C573B9E00B023DB /* MovieDBError.swift */,
			);
			path = cumberbatch;
			sourceTree = "<group>";
		};
		5AE3A6C52C4F598600C9BFE8 /* Preview Content */ = {
			isa = PBXGroup;
			children = (
				5AE3A6C62C4F598600C9BFE8 /* Preview Assets.xcassets */,
			);
			path = "Preview Content";
			sourceTree = "<group>";
		};
		5AE3A6CF2C4F598600C9BFE8 /* cumberbatchTests */ = {
			isa = PBXGroup;
			children = (
				5AE3A6D02C4F598600C9BFE8 /* cumberbatchTests.swift */,
			);
			path = cumberbatchTests;
			sourceTree = "<group>";
		};
		5AE3A6D92C4F598600C9BFE8 /* cumberbatchUITests */ = {
			isa = PBXGroup;
			children = (
				5AE3A6DA2C4F598600C9BFE8 /* cumberbatchUITests.swift */,
				5AE3A6DC2C4F598600C9BFE8 /* cumberbatchUITestsLaunchTests.swift */,
			);
			path = cumberbatchUITests;
			sourceTree = "<group>";
		};
/* End PBXGroup section */

/* Begin PBXNativeTarget section */
		5AE3A6BB2C4F598400C9BFE8 /* cumberbatch */ = {
			isa = PBXNativeTarget;
			buildConfigurationList = 5AE3A6E02C4F598600C9BFE8 /* Build configuration list for PBXNativeTarget "cumberbatch" */;
			buildPhases = (
				5AE3A6B82C4F598400C9BFE8 /* Sources */,
				5AE3A6B92C4F598400C9BFE8 /* Frameworks */,
				5AE3A6BA2C4F598400C9BFE8 /* Resources */,
			);
			buildRules = (
			);
			dependencies = (
			);
			name = cumberbatch;
			productName = cumberbatch;
			productReference = 5AE3A6BC2C4F598400C9BFE8 /* cumberbatch.app */;
			productType = "com.apple.product-type.application";
		};
		5AE3A6CB2C4F598600C9BFE8 /* cumberbatchTests */ = {
			isa = PBXNativeTarget;
			buildConfigurationList = 5AE3A6E32C4F598600C9BFE8 /* Build configuration list for PBXNativeTarget "cumberbatchTests" */;
			buildPhases = (
				5AE3A6C82C4F598600C9BFE8 /* Sources */,
				5AE3A6C92C4F598600C9BFE8 /* Frameworks */,
				5AE3A6CA2C4F598600C9BFE8 /* Resources */,
			);
			buildRules = (
			);
			dependencies = (
				5AE3A6CE2C4F598600C9BFE8 /* PBXTargetDependency */,
			);
			name = cumberbatchTests;
			productName = cumberbatchTests;
			productReference = 5AE3A6CC2C4F598600C9BFE8 /* cumberbatchTests.xctest */;
			productType = "com.apple.product-type.bundle.unit-test";
		};
		5AE3A6D52C4F598600C9BFE8 /* cumberbatchUITests */ = {
			isa = PBXNativeTarget;
			buildConfigurationList = 5AE3A6E62C4F598600C9BFE8 /* Build configuration list for PBXNativeTarget "cumberbatchUITests" */;
			buildPhases = (
				5AE3A6D22C4F598600C9BFE8 /* Sources */,
				5AE3A6D32C4F598600C9BFE8 /* Frameworks */,
				5AE3A6D42C4F598600C9BFE8 /* Resources */,
			);
			buildRules = (
			);
			dependencies = (
				5AE3A6D82C4F598600C9BFE8 /* PBXTargetDependency */,
			);
			name = cumberbatchUITests;
			productName = cumberbatchUITests;
			productReference = 5AE3A6D62C4F598600C9BFE8 /* cumberbatchUITests.xctest */;
			productType = "com.apple.product-type.bundle.ui-testing";
		};
/* End PBXNativeTarget section */

/* Begin PBXProject section */
		5AE3A6B42C4F598400C9BFE8 /* Project object */ = {
			isa = PBXProject;
			attributes = {
				BuildIndependentTargetsInParallel = 1;
				LastSwiftUpdateCheck = 1530;
				LastUpgradeCheck = 1530;
				TargetAttributes = {
					5AE3A6BB2C4F598400C9BFE8 = {
						CreatedOnToolsVersion = 15.3;
					};
					5AE3A6CB2C4F598600C9BFE8 = {
						CreatedOnToolsVersion = 15.3;
						TestTargetID = 5AE3A6BB2C4F598400C9BFE8;
					};
					5AE3A6D52C4F598600C9BFE8 = {
						CreatedOnToolsVersion = 15.3;
						TestTargetID = 5AE3A6BB2C4F598400C9BFE8;
					};
				};
			};
			buildConfigurationList = 5AE3A6B72C4F598400C9BFE8 /* Build configuration list for PBXProject "cumberbatch" */;
			compatibilityVersion = "Xcode 14.0";
			developmentRegion = en;
			hasScannedForEncodings = 0;
			knownRegions = (
				en,
				Base,
			);
			mainGroup = 5AE3A6B32C4F598400C9BFE8;
			productRefGroup = 5AE3A6BD2C4F598400C9BFE8 /* Products */;
			projectDirPath = "";
			projectRoot = "";
			targets = (
				5AE3A6BB2C4F598400C9BFE8 /* cumberbatch */,
				5AE3A6CB2C4F598600C9BFE8 /* cumberbatchTests */,
				5AE3A6D52C4F598600C9BFE8 /* cumberbatchUITests */,
			);
		};
/* End PBXProject section */

/* Begin PBXResourcesBuildPhase section */
		5AE3A6BA2C4F598400C9BFE8 /* Resources */ = {
			isa = PBXResourcesBuildPhase;
			buildActionMask = 2147483647;
			files = (
				5AE3A6C72C4F598600C9BFE8 /* Preview Assets.xcassets in Resources */,
				5AE3A6C42C4F598600C9BFE8 /* Assets.xcassets in Resources */,
			);
			runOnlyForDeploymentPostprocessing = 0;
		};
		5AE3A6CA2C4F598600C9BFE8 /* Resources */ = {
			isa = PBXResourcesBuildPhase;
			buildActionMask = 2147483647;
			files = (
			);
			runOnlyForDeploymentPostprocessing = 0;
		};
		5AE3A6D42C4F598600C9BFE8 /* Resources */ = {
			isa = PBXResourcesBuildPhase;
			buildActionMask = 2147483647;
			files = (
			);
			runOnlyForDeploymentPostprocessing = 0;
		};
/* End PBXResourcesBuildPhase section */

/* Begin PBXSourcesBuildPhase section */
		5AE3A6B82C4F598400C9BFE8 /* Sources */ = {
			isa = PBXSourcesBuildPhase;
			buildActionMask = 2147483647;
			files = (
				5A0F63CC2C573B1A00B023DB /* MovieDetailView.swift in Sources */,
				5AE3A6C22C4F598400C9BFE8 /* ContentView.swift in Sources */,
				5AE3A6C02C4F598400C9BFE8 /* cumberbatchApp.swift in Sources */,
				5A0F63CA2C573A1400B023DB /* MovieDBService.swift in Sources */,
				5A0F63C82C5739E500B023DB /* Movie.swift in Sources */,
				5A0F63CE2C573B9E00B023DB /* MovieDBError.swift in Sources */,
			);
			runOnlyForDeploymentPostprocessing = 0;
		};
		5AE3A6C82C4F598600C9BFE8 /* Sources */ = {
			isa = PBXSourcesBuildPhase;
			buildActionMask = 2147483647;
			files = (
				5AE3A6D12C4F598600C9BFE8 /* cumberbatchTests.swift in Sources */,
			);
			runOnlyForDeploymentPostprocessing = 0;
		};
		5AE3A6D22C4F598600C9BFE8 /* Sources */ = {
			isa = PBXSourcesBuildPhase;
			buildActionMask = 2147483647;
			files = (
				5AE3A6DB2C4F598600C9BFE8 /* cumberbatchUITests.swift in Sources */,
				5AE3A6DD2C4F598600C9BFE8 /* cumberbatchUITestsLaunchTests.swift in Sources */,
			);
			runOnlyForDeploymentPostprocessing = 0;
		};
/* End PBXSourcesBuildPhase section */

/* Begin PBXTargetDependency section */
		5AE3A6CE2C4F598600C9BFE8 /* PBXTargetDependency */ = {
			isa = PBXTargetDependency;
			target = 5AE3A6BB2C4F598400C9BFE8 /* cumberbatch */;
			targetProxy = 5AE3A6CD2C4F598600C9BFE8 /* PBXContainerItemProxy */;
		};
		5AE3A6D82C4F598600C9BFE8 /* PBXTargetDependency */ = {
			isa = PBXTargetDependency;
			target = 5AE3A6BB2C4F598400C9BFE8 /* cumberbatch */;
			targetProxy = 5AE3A6D72C4F598600C9BFE8 /* PBXContainerItemProxy */;
		};
/* End PBXTargetDependency section */

/* Begin XCBuildConfiguration section */
		5AE3A6DE2C4F598600C9BFE8 /* Debug */ = {
			isa = XCBuildConfiguration;
			buildSettings = {
				ALWAYS_SEARCH_USER_PATHS = NO;
				ASSETCATALOG_COMPILER_GENERATE_SWIFT_ASSET_SYMBOL_EXTENSIONS = YES;
				CLANG_ANALYZER_NONNULL = YES;
				CLANG_ANALYZER_NUMBER_OBJECT_CONVERSION = YES_AGGRESSIVE;
				CLANG_CXX_LANGUAGE_STANDARD = "gnu++20";
				CLANG_ENABLE_MODULES = YES;
				CLANG_ENABLE_OBJC_ARC = YES;
				CLANG_ENABLE_OBJC_WEAK = YES;
				CLANG_WARN_BLOCK_CAPTURE_AUTORELEASING = YES;
				CLANG_WARN_BOOL_CONVERSION = YES;
				CLANG_WARN_COMMA = YES;
				CLANG_WARN_CONSTANT_CONVERSION = YES;
				CLANG_WARN_DEPRECATED_OBJC_IMPLEMENTATIONS = YES;
				CLANG_WARN_DIRECT_OBJC_ISA_USAGE = YES_ERROR;
				CLANG_WARN_DOCUMENTATION_COMMENTS = YES;
				CLANG_WARN_EMPTY_BODY = YES;
				CLANG_WARN_ENUM_CONVERSION = YES;
				CLANG_WARN_INFINITE_RECURSION = YES;
				CLANG_WARN_INT_CONVERSION = YES;
				CLANG_WARN_NON_LITERAL_NULL_CONVERSION = YES;
				CLANG_WARN_OBJC_IMPLICIT_RETAIN_SELF = YES;
				CLANG_WARN_OBJC_LITERAL_CONVERSION = YES;
				CLANG_WARN_OBJC_ROOT_CLASS = YES_ERROR;
				CLANG_WARN_QUOTED_INCLUDE_IN_FRAMEWORK_HEADER = YES;
				CLANG_WARN_RANGE_LOOP_ANALYSIS = YES;
				CLANG_WARN_STRICT_PROTOTYPES = YES;
				CLANG_WARN_SUSPICIOUS_MOVE = YES;
				CLANG_WARN_UNGUARDED_AVAILABILITY = YES_AGGRESSIVE;
				CLANG_WARN_UNREACHABLE_CODE = YES;
				CLANG_WARN__DUPLICATE_METHOD_MATCH = YES;
				COPY_PHASE_STRIP = NO;
				DEBUG_INFORMATION_FORMAT = dwarf;
				ENABLE_STRICT_OBJC_MSGSEND = YES;
				ENABLE_TESTABILITY = YES;
				ENABLE_USER_SCRIPT_SANDBOXING = YES;
				GCC_C_LANGUAGE_STANDARD = gnu17;
				GCC_DYNAMIC_NO_PIC = NO;
				GCC_NO_COMMON_BLOCKS = YES;
				GCC_OPTIMIZATION_LEVEL = 0;
				GCC_PREPROCESSOR_DEFINITIONS = (
					"DEBUG=1",
					"$(inherited)",
				);
				GCC_WARN_64_TO_32_BIT_CONVERSION = YES;
				GCC_WARN_ABOUT_RETURN_TYPE = YES_ERROR;
				GCC_WARN_UNDECLARED_SELECTOR = YES;
				GCC_WARN_UNINITIALIZED_AUTOS = YES_AGGRESSIVE;
				GCC_WARN_UNUSED_FUNCTION = YES;
				GCC_WARN_UNUSED_VARIABLE = YES;
				IPHONEOS_DEPLOYMENT_TARGET = 17.4;
				LOCALIZATION_PREFERS_STRING_CATALOGS = YES;
				MTL_ENABLE_DEBUG_INFO = INCLUDE_SOURCE;
				MTL_FAST_MATH = YES;
				ONLY_ACTIVE_ARCH = YES;
				SDKROOT = iphoneos;
				SWIFT_ACTIVE_COMPILATION_CONDITIONS = "DEBUG $(inherited)";
				SWIFT_OPTIMIZATION_LEVEL = "-Onone";
			};
			name = Debug;
		};
		5AE3A6DF2C4F598600C9BFE8 /* Release */ = {
			isa = XCBuildConfiguration;
			buildSettings = {
				ALWAYS_SEARCH_USER_PATHS = NO;
				ASSETCATALOG_COMPILER_GENERATE_SWIFT_ASSET_SYMBOL_EXTENSIONS = YES;
				CLANG_ANALYZER_NONNULL = YES;
				CLANG_ANALYZER_NUMBER_OBJECT_CONVERSION = YES_AGGRESSIVE;
				CLANG_CXX_LANGUAGE_STANDARD = "gnu++20";
				CLANG_ENABLE_MODULES = YES;
				CLANG_ENABLE_OBJC_ARC = YES;
				CLANG_ENABLE_OBJC_WEAK = YES;
				CLANG_WARN_BLOCK_CAPTURE_AUTORELEASING = YES;
				CLANG_WARN_BOOL_CONVERSION = YES;
				CLANG_WARN_COMMA = YES;
				CLANG_WARN_CONSTANT_CONVERSION = YES;
				CLANG_WARN_DEPRECATED_OBJC_IMPLEMENTATIONS = YES;
				CLANG_WARN_DIRECT_OBJC_ISA_USAGE = YES_ERROR;
				CLANG_WARN_DOCUMENTATION_COMMENTS = YES;
				CLANG_WARN_EMPTY_BODY = YES;
				CLANG_WARN_ENUM_CONVERSION = YES;
				CLANG_WARN_INFINITE_RECURSION = YES;
				CLANG_WARN_INT_CONVERSION = YES;
				CLANG_WARN_NON_LITERAL_NULL_CONVERSION = YES;
				CLANG_WARN_OBJC_IMPLICIT_RETAIN_SELF = YES;
				CLANG_WARN_OBJC_LITERAL_CONVERSION = YES;
				CLANG_WARN_OBJC_ROOT_CLASS = YES_ERROR;
				CLANG_WARN_QUOTED_INCLUDE_IN_FRAMEWORK_HEADER = YES;
				CLANG_WARN_RANGE_LOOP_ANALYSIS = YES;
				CLANG_WARN_STRICT_PROTOTYPES = YES;
				CLANG_WARN_SUSPICIOUS_MOVE = YES;
				CLANG_WARN_UNGUARDED_AVAILABILITY = YES_AGGRESSIVE;
				CLANG_WARN_UNREACHABLE_CODE = YES;
				CLANG_WARN__DUPLICATE_METHOD_MATCH = YES;
				COPY_PHASE_STRIP = NO;
				DEBUG_INFORMATION_FORMAT = "dwarf-with-dsym";
				ENABLE_NS_ASSERTIONS = NO;
				ENABLE_STRICT_OBJC_MSGSEND = YES;
				ENABLE_USER_SCRIPT_SANDBOXING = YES;
				GCC_C_LANGUAGE_STANDARD = gnu17;
				GCC_NO_COMMON_BLOCKS = YES;
				GCC_WARN_64_TO_32_BIT_CONVERSION = YES;
				GCC_WARN_ABOUT_RETURN_TYPE = YES_ERROR;
				GCC_WARN_UNDECLARED_SELECTOR = YES;
				GCC_WARN_UNINITIALIZED_AUTOS = YES_AGGRESSIVE;
				GCC_WARN_UNUSED_FUNCTION = YES;
				GCC_WARN_UNUSED_VARIABLE = YES;
				IPHONEOS_DEPLOYMENT_TARGET = 17.4;
				LOCALIZATION_PREFERS_STRING_CATALOGS = YES;
				MTL_ENABLE_DEBUG_INFO = NO;
				MTL_FAST_MATH = YES;
				SDKROOT = iphoneos;
				SWIFT_COMPILATION_MODE = wholemodule;
				VALIDATE_PRODUCT = YES;
			};
			name = Release;
		};
		5AE3A6E12C4F598600C9BFE8 /* Debug */ = {
			isa = XCBuildConfiguration;
			buildSettings = {
				ASSETCATALOG_COMPILER_APPICON_NAME = AppIcon;
				ASSETCATALOG_COMPILER_GLOBAL_ACCENT_COLOR_NAME = AccentColor;
				CODE_SIGN_STYLE = Automatic;
				CURRENT_PROJECT_VERSION = 1;
				DEVELOPMENT_ASSET_PATHS = "\"cumberbatch/Preview Content\"";
				DEVELOPMENT_TEAM = G63J7HW34Q;
				ENABLE_PREVIEWS = YES;
				GENERATE_INFOPLIST_FILE = YES;
				INFOPLIST_KEY_UIApplicationSceneManifest_Generation = YES;
				INFOPLIST_KEY_UIApplicationSupportsIndirectInputEvents = YES;
				INFOPLIST_KEY_UILaunchScreen_Generation = YES;
				INFOPLIST_KEY_UISupportedInterfaceOrientations_iPad = "UIInterfaceOrientationPortrait UIInterfaceOrientationPortraitUpsideDown UIInterfaceOrientationLandscapeLeft UIInterfaceOrientationLandscapeRight";
				INFOPLIST_KEY_UISupportedInterfaceOrientations_iPhone = "UIInterfaceOrientationPortrait UIInterfaceOrientationLandscapeLeft UIInterfaceOrientationLandscapeRight";
				LD_RUNPATH_SEARCH_PATHS = (
					"$(inherited)",
					"@executable_path/Frameworks",
				);
				MARKETING_VERSION = 1.0;
				PRODUCT_BUNDLE_IDENTIFIER = com.rockarts.cumberbatch;
				PRODUCT_NAME = "$(TARGET_NAME)";
				SWIFT_EMIT_LOC_STRINGS = YES;
				SWIFT_VERSION = 5.0;
				TARGETED_DEVICE_FAMILY = "1,2";
			};
			name = Debug;
		};
		5AE3A6E22C4F598600C9BFE8 /* Release */ = {
			isa = XCBuildConfiguration;
			buildSettings = {
				ASSETCATALOG_COMPILER_APPICON_NAME = AppIcon;
				ASSETCATALOG_COMPILER_GLOBAL_ACCENT_COLOR_NAME = AccentColor;
				CODE_SIGN_STYLE = Automatic;
				CURRENT_PROJECT_VERSION = 1;
				DEVELOPMENT_ASSET_PATHS = "\"cumberbatch/Preview Content\"";
				DEVELOPMENT_TEAM = G63J7HW34Q;
				ENABLE_PREVIEWS = YES;
				GENERATE_INFOPLIST_FILE = YES;
				INFOPLIST_KEY_UIApplicationSceneManifest_Generation = YES;
				INFOPLIST_KEY_UIApplicationSupportsIndirectInputEvents = YES;
				INFOPLIST_KEY_UILaunchScreen_Generation = YES;
				INFOPLIST_KEY_UISupportedInterfaceOrientations_iPad = "UIInterfaceOrientationPortrait UIInterfaceOrientationPortraitUpsideDown UIInterfaceOrientationLandscapeLeft UIInterfaceOrientationLandscapeRight";
				INFOPLIST_KEY_UISupportedInterfaceOrientations_iPhone = "UIInterfaceOrientationPortrait UIInterfaceOrientationLandscapeLeft UIInterfaceOrientationLandscapeRight";
				LD_RUNPATH_SEARCH_PATHS = (
					"$(inherited)",
					"@executable_path/Frameworks",
				);
				MARKETING_VERSION = 1.0;
				PRODUCT_BUNDLE_IDENTIFIER = com.rockarts.cumberbatch;
				PRODUCT_NAME = "$(TARGET_NAME)";
				SWIFT_EMIT_LOC_STRINGS = YES;
				SWIFT_VERSION = 5.0;
				TARGETED_DEVICE_FAMILY = "1,2";
			};
			name = Release;
		};
		5AE3A6E42C4F598600C9BFE8 /* Debug */ = {
			isa = XCBuildConfiguration;
			buildSettings = {
				ALWAYS_EMBED_SWIFT_STANDARD_LIBRARIES = YES;
				BUNDLE_LOADER = "$(TEST_HOST)";
				CODE_SIGN_STYLE = Automatic;
				CURRENT_PROJECT_VERSION = 1;
				DEVELOPMENT_TEAM = G63J7HW34Q;
				GENERATE_INFOPLIST_FILE = YES;
				IPHONEOS_DEPLOYMENT_TARGET = 17.4;
				MARKETING_VERSION = 1.0;
				PRODUCT_BUNDLE_IDENTIFIER = com.rockarts.cumberbatchTests;
				PRODUCT_NAME = "$(TARGET_NAME)";
				SWIFT_EMIT_LOC_STRINGS = NO;
				SWIFT_VERSION = 5.0;
				TARGETED_DEVICE_FAMILY = "1,2";
				TEST_HOST = "$(BUILT_PRODUCTS_DIR)/cumberbatch.app/$(BUNDLE_EXECUTABLE_FOLDER_PATH)/cumberbatch";
			};
			name = Debug;
		};
		5AE3A6E52C4F598600C9BFE8 /* Release */ = {
			isa = XCBuildConfiguration;
			buildSettings = {
				ALWAYS_EMBED_SWIFT_STANDARD_LIBRARIES = YES;
				BUNDLE_LOADER = "$(TEST_HOST)";
				CODE_SIGN_STYLE = Automatic;
				CURRENT_PROJECT_VERSION = 1;
				DEVELOPMENT_TEAM = G63J7HW34Q;
				GENERATE_INFOPLIST_FILE = YES;
				IPHONEOS_DEPLOYMENT_TARGET = 17.4;
				MARKETING_VERSION = 1.0;
				PRODUCT_BUNDLE_IDENTIFIER = com.rockarts.cumberbatchTests;
				PRODUCT_NAME = "$(TARGET_NAME)";
				SWIFT_EMIT_LOC_STRINGS = NO;
				SWIFT_VERSION = 5.0;
				TARGETED_DEVICE_FAMILY = "1,2";
				TEST_HOST = "$(BUILT_PRODUCTS_DIR)/cumberbatch.app/$(BUNDLE_EXECUTABLE_FOLDER_PATH)/cumberbatch";
			};
			name = Release;
		};
		5AE3A6E72C4F598600C9BFE8 /* Debug */ = {
			isa = XCBuildConfiguration;
			buildSettings = {
				ALWAYS_EMBED_SWIFT_STANDARD_LIBRARIES = YES;
				CODE_SIGN_STYLE = Automatic;
				CURRENT_PROJECT_VERSION = 1;
				DEVELOPMENT_TEAM = G63J7HW34Q;
				GENERATE_INFOPLIST_FILE = YES;
				MARKETING_VERSION = 1.0;
				PRODUCT_BUNDLE_IDENTIFIER = com.rockarts.cumberbatchUITests;
				PRODUCT_NAME = "$(TARGET_NAME)";
				SWIFT_EMIT_LOC_STRINGS = NO;
				SWIFT_VERSION = 5.0;
				TARGETED_DEVICE_FAMILY = "1,2";
				TEST_TARGET_NAME = cumberbatch;
			};
			name = Debug;
		};
		5AE3A6E82C4F598600C9BFE8 /* Release */ = {
			isa = XCBuildConfiguration;
			buildSettings = {
				ALWAYS_EMBED_SWIFT_STANDARD_LIBRARIES = YES;
				CODE_SIGN_STYLE = Automatic;
				CURRENT_PROJECT_VERSION = 1;
				DEVELOPMENT_TEAM = G63J7HW34Q;
				GENERATE_INFOPLIST_FILE = YES;
				MARKETING_VERSION = 1.0;
				PRODUCT_BUNDLE_IDENTIFIER = com.rockarts.cumberbatchUITests;
				PRODUCT_NAME = "$(TARGET_NAME)";
				SWIFT_EMIT_LOC_STRINGS = NO;
				SWIFT_VERSION = 5.0;
				TARGETED_DEVICE_FAMILY = "1,2";
				TEST_TARGET_NAME = cumberbatch;
			};
			name = Release;
		};
/* End XCBuildConfiguration section */

/* Begin XCConfigurationList section */
		5AE3A6B72C4F598400C9BFE8 /* Build configuration list for PBXProject "cumberbatch" */ = {
			isa = XCConfigurationList;
			buildConfigurations = (
				5AE3A6DE2C4F598600C9BFE8 /* Debug */,
				5AE3A6DF2C4F598600C9BFE8 /* Release */,
			);
			defaultConfigurationIsVisible = 0;
			defaultConfigurationName = Release;
		};
		5AE3A6E02C4F598600C9BFE8 /* Build configuration list for PBXNativeTarget "cumberbatch" */ = {
			isa = XCConfigurationList;
			buildConfigurations = (
				5AE3A6E12C4F598600C9BFE8 /* Debug */,
				5AE3A6E22C4F598600C9BFE8 /* Release */,
			);
			defaultConfigurationIsVisible = 0;
			defaultConfigurationName = Release;
		};
		5AE3A6E32C4F598600C9BFE8 /* Build configuration list for PBXNativeTarget "cumberbatchTests" */ = {
			isa = XCConfigurationList;
			buildConfigurations = (
				5AE3A6E42C4F598600C9BFE8 /* Debug */,
				5AE3A6E52C4F598600C9BFE8 /* Release */,
			);
			defaultConfigurationIsVisible = 0;
			defaultConfigurationName = Release;
		};
		5AE3A6E62C4F598600C9BFE8 /* Build configuration list for PBXNativeTarget "cumberbatchUITests" */ = {
			isa = XCConfigurationList;
			buildConfigurations = (
				5AE3A6E72C4F598600C9BFE8 /* Debug */,
				5AE3A6E82C4F598600C9BFE8 /* Release */,
			);
			defaultConfigurationIsVisible = 0;
			defaultConfigurationName = Release;
		};
/* End XCConfigurationList section */
	};
	rootObject = 5AE3A6B42C4F598400C9BFE8 /* Project object */;
}
